Microsoft Visual Studio Solution File, Format Version 11.00
# Visual Studio 2008

Project("{4CD5A7D3-266E-0D95-31C9-EA848B2B1C11}") = "daggers_prototype", "Assembly-CSharp.csproj", "{141B507F-9AC7-8397-DA24-6D2FD2DBAF98}"
EndProject
Global
	GlobalSection(SolutionConfigurationPlatforms) = preSolution
		Debug|Any CPU = Debug|Any CPU
		Release|Any CPU = Release|Any CPU
	EndGlobalSection
	GlobalSection(ProjectConfigurationPlatforms) = postSolution
		{141B507F-9AC7-8397-DA24-6D2FD2DBAF98}.Debug|Any CPU.ActiveCfg = Debug|Any CPU
		{141B507F-9AC7-8397-DA24-6D2FD2DBAF98}.Debug|Any CPU.Build.0 = Debug|Any CPU
		{141B507F-9AC7-8397-DA24-6D2FD2DBAF98}.Release|Any CPU.ActiveCfg = Release|Any CPU
		{141B507F-9AC7-8397-DA24-6D2FD2DBAF98}.Release|Any CPU.Build.0 = Release|Any CPU
	EndGlobalSection
	GlobalSection(SolutionProperties) = preSolution
		HideSolutionNode = FALSE
	EndGlobalSection
	GlobalSection(MonoDevelopProperties) = preSolution
		StartupItem = Assembly-CSharp.csproj
	EndGlobalSection
EndGlobal
